
Microsoft Visual Studio Solution File, Format Version 12.00
Project("{FAE04EC0-301F-11D3-BF4B-00C04F79EFBC}") = "Guths.HATEOAS", "Guths.HATEOAS\Guths.HATEOAS.csproj", "{830C2B75-4FAC-492D-B1BF-6203C7727D7F}"
EndProject
Global
	GlobalSection(SolutionConfigurationPlatforms) = preSolution
		Debug|Any CPU = Debug|Any CPU
		Release|Any CPU = Release|Any CPU
	EndGlobalSection
	GlobalSection(ProjectConfigurationPlatforms) = postSolution
		{830C2B75-4FAC-492D-B1BF-6203C7727D7F}.Debug|Any CPU.ActiveCfg = Debug|Any CPU
		{830C2B75-4FAC-492D-B1BF-6203C7727D7F}.Debug|Any CPU.Build.0 = Debug|Any CPU
		{830C2B75-4FAC-492D-B1BF-6203C7727D7F}.Release|Any CPU.ActiveCfg = Release|Any CPU
		{830C2B75-4FAC-492D-B1BF-6203C7727D7F}.Release|Any CPU.Build.0 = Release|Any CPU
	EndGlobalSection
EndGlobal
